
Microsoft Visual Studio Solution File, Format Version 11.00
# Visual Studio 2010
Project("{FAE04EC0-301F-11D3-BF4B-00C04F79EFBC}") = "AsmChecker", "Checker\AsmChecker.csproj", "{773AA822-C252-498A-9CAE-2B527F8CD0ED}"
EndProject
Project("{FAE04EC0-301F-11D3-BF4B-00C04F79EFBC}") = "ReportViewer", "ReportViewer\ReportViewer.csproj", "{6B2E4B70-D934-4776-82BA-A8A16CE48A0C}"
EndProject
Project("{FAE04EC0-301F-11D3-BF4B-00C04F79EFBC}") = "AsmCheckerLib", "Lib\AsmCheckerLib.csproj", "{3A4DFE12-C269-429E-88E0-5031185A8D70}"
EndProject
Project("{2150E333-8FDC-42A3-9474-1A3956D46DE8}") = "Tests", "Tests", "{3594CA57-7702-43E2-9EF1-8D16092B9E8C}"
EndProject
Project("{FAE04EC0-301F-11D3-BF4B-00C04F79EFBC}") = "TestAsm", "Tests\TestAssembly1\TestAsm.csproj", "{6223F555-2663-432D-B1F8-E6A128BA5E25}"
EndProject
Project("{FAE04EC0-301F-11D3-BF4B-00C04F79EFBC}") = "Tests", "Tests\Tests\Tests.csproj", "{27AC043D-EB4B-453C-9338-6A5F05C915BE}"
	ProjectSection(ProjectDependencies) = postProject
		{3A4DFE12-C269-429E-88E0-5031185A8D70} = {3A4DFE12-C269-429E-88E0-5031185A8D70}
	EndProjectSection
EndProject
Project("{FAE04EC0-301F-11D3-BF4B-00C04F79EFBC}") = "TestAsm2", "TestAsm2\TestAsm2.csproj", "{4BE546D8-9921-4A09-8ADB-8380531A6A88}"
EndProject
Project("{FAE04EC0-301F-11D3-BF4B-00C04F79EFBC}") = "TestAsm3", "TestAsm3\TestAsm3.csproj", "{2CC25F89-08A3-45CB-858E-4306BC143068}"
EndProject
Global
	GlobalSection(SolutionConfigurationPlatforms) = preSolution
		Debug|Any CPU = Debug|Any CPU
		Debug|Mixed Platforms = Debug|Mixed Platforms
		Debug|x86 = Debug|x86
		Release|Any CPU = Release|Any CPU
		Release|Mixed Platforms = Release|Mixed Platforms
		Release|x86 = Release|x86
	EndGlobalSection
	GlobalSection(ProjectConfigurationPlatforms) = postSolution
		{773AA822-C252-498A-9CAE-2B527F8CD0ED}.Debug|Any CPU.ActiveCfg = Debug|x86
		{773AA822-C252-498A-9CAE-2B527F8CD0ED}.Debug|Any CPU.Build.0 = Debug|x86
		{773AA822-C252-498A-9CAE-2B527F8CD0ED}.Debug|Mixed Platforms.ActiveCfg = Debug|x86
		{773AA822-C252-498A-9CAE-2B527F8CD0ED}.Debug|Mixed Platforms.Build.0 = Debug|x86
		{773AA822-C252-498A-9CAE-2B527F8CD0ED}.Debug|x86.ActiveCfg = Debug|x86
		{773AA822-C252-498A-9CAE-2B527F8CD0ED}.Debug|x86.Build.0 = Debug|x86
		{773AA822-C252-498A-9CAE-2B527F8CD0ED}.Release|Any CPU.ActiveCfg = Release|x86
		{773AA822-C252-498A-9CAE-2B527F8CD0ED}.Release|Mixed Platforms.ActiveCfg = Release|x86
		{773AA822-C252-498A-9CAE-2B527F8CD0ED}.Release|Mixed Platforms.Build.0 = Release|x86
		{773AA822-C252-498A-9CAE-2B527F8CD0ED}.Release|x86.ActiveCfg = Release|x86
		{773AA822-C252-498A-9CAE-2B527F8CD0ED}.Release|x86.Build.0 = Release|x86
		{6B2E4B70-D934-4776-82BA-A8A16CE48A0C}.Debug|Any CPU.ActiveCfg = Debug|x86
		{6B2E4B70-D934-4776-82BA-A8A16CE48A0C}.Debug|Any CPU.Build.0 = Debug|x86
		{6B2E4B70-D934-4776-82BA-A8A16CE48A0C}.Debug|Mixed Platforms.ActiveCfg = Debug|x86
		{6B2E4B70-D934-4776-82BA-A8A16CE48A0C}.Debug|Mixed Platforms.Build.0 = Debug|x86
		{6B2E4B70-D934-4776-82BA-A8A16CE48A0C}.Debug|x86.ActiveCfg = Debug|x86
		{6B2E4B70-D934-4776-82BA-A8A16CE48A0C}.Debug|x86.Build.0 = Debug|x86
		{6B2E4B70-D934-4776-82BA-A8A16CE48A0C}.Release|Any CPU.ActiveCfg = Release|x86
		{6B2E4B70-D934-4776-82BA-A8A16CE48A0C}.Release|Mixed Platforms.ActiveCfg = Release|x86
		{6B2E4B70-D934-4776-82BA-A8A16CE48A0C}.Release|Mixed Platforms.Build.0 = Release|x86
		{6B2E4B70-D934-4776-82BA-A8A16CE48A0C}.Release|x86.ActiveCfg = Release|x86
		{6B2E4B70-D934-4776-82BA-A8A16CE48A0C}.Release|x86.Build.0 = Release|x86
		{3A4DFE12-C269-429E-88E0-5031185A8D70}.Debug|Any CPU.ActiveCfg = Debug|Any CPU
		{3A4DFE12-C269-429E-88E0-5031185A8D70}.Debug|Any CPU.Build.0 = Debug|Any CPU
		{3A4DFE12-C269-429E-88E0-5031185A8D70}.Debug|Mixed Platforms.ActiveCfg = Debug|Any CPU
		{3A4DFE12-C269-429E-88E0-5031185A8D70}.Debug|Mixed Platforms.Build.0 = Debug|Any CPU
		{3A4DFE12-C269-429E-88E0-5031185A8D70}.Debug|x86.ActiveCfg = Debug|Any CPU
		{3A4DFE12-C269-429E-88E0-5031185A8D70}.Release|Any CPU.ActiveCfg = Release|Any CPU
		{3A4DFE12-C269-429E-88E0-5031185A8D70}.Release|Any CPU.Build.0 = Release|Any CPU
		{3A4DFE12-C269-429E-88E0-5031185A8D70}.Release|Mixed Platforms.ActiveCfg = Release|Any CPU
		{3A4DFE12-C269-429E-88E0-5031185A8D70}.Release|Mixed Platforms.Build.0 = Release|Any CPU
		{3A4DFE12-C269-429E-88E0-5031185A8D70}.Release|x86.ActiveCfg = Release|Any CPU
		{6223F555-2663-432D-B1F8-E6A128BA5E25}.Debug|Any CPU.ActiveCfg = Debug|Any CPU
		{6223F555-2663-432D-B1F8-E6A128BA5E25}.Debug|Any CPU.Build.0 = Debug|Any CPU
		{6223F555-2663-432D-B1F8-E6A128BA5E25}.Debug|Mixed Platforms.ActiveCfg = Debug|Any CPU
		{6223F555-2663-432D-B1F8-E6A128BA5E25}.Debug|Mixed Platforms.Build.0 = Debug|Any CPU
		{6223F555-2663-432D-B1F8-E6A128BA5E25}.Debug|x86.ActiveCfg = Debug|Any CPU
		{6223F555-2663-432D-B1F8-E6A128BA5E25}.Release|Any CPU.ActiveCfg = Release|Any CPU
		{6223F555-2663-432D-B1F8-E6A128BA5E25}.Release|Any CPU.Build.0 = Release|Any CPU
		{6223F555-2663-432D-B1F8-E6A128BA5E25}.Release|Mixed Platforms.ActiveCfg = Release|Any CPU
		{6223F555-2663-432D-B1F8-E6A128BA5E25}.Release|Mixed Platforms.Build.0 = Release|Any CPU
		{6223F555-2663-432D-B1F8-E6A128BA5E25}.Release|x86.ActiveCfg = Release|Any CPU
		{27AC043D-EB4B-453C-9338-6A5F05C915BE}.Debug|Any CPU.ActiveCfg = Debug|Any CPU
		{27AC043D-EB4B-453C-9338-6A5F05C915BE}.Debug|Any CPU.Build.0 = Debug|Any CPU
		{27AC043D-EB4B-453C-9338-6A5F05C915BE}.Debug|Mixed Platforms.ActiveCfg = Debug|Any CPU
		{27AC043D-EB4B-453C-9338-6A5F05C915BE}.Debug|Mixed Platforms.Build.0 = Debug|Any CPU
		{27AC043D-EB4B-453C-9338-6A5F05C915BE}.Debug|x86.ActiveCfg = Debug|Any CPU
		{27AC043D-EB4B-453C-9338-6A5F05C915BE}.Release|Any CPU.ActiveCfg = Release|Any CPU
		{27AC043D-EB4B-453C-9338-6A5F05C915BE}.Release|Any CPU.Build.0 = Release|Any CPU
		{27AC043D-EB4B-453C-9338-6A5F05C915BE}.Release|Mixed Platforms.ActiveCfg = Release|Any CPU
		{27AC043D-EB4B-453C-9338-6A5F05C915BE}.Release|Mixed Platforms.Build.0 = Release|Any CPU
		{27AC043D-EB4B-453C-9338-6A5F05C915BE}.Release|x86.ActiveCfg = Release|Any CPU
		{4BE546D8-9921-4A09-8ADB-8380531A6A88}.Debug|Any CPU.ActiveCfg = Debug|Any CPU
		{4BE546D8-9921-4A09-8ADB-8380531A6A88}.Debug|Any CPU.Build.0 = Debug|Any CPU
		{4BE546D8-9921-4A09-8ADB-8380531A6A88}.Debug|Mixed Platforms.ActiveCfg = Debug|Any CPU
		{4BE546D8-9921-4A09-8ADB-8380531A6A88}.Debug|Mixed Platforms.Build.0 = Debug|Any CPU
		{4BE546D8-9921-4A09-8ADB-8380531A6A88}.Debug|x86.ActiveCfg = Debug|Any CPU
		{4BE546D8-9921-4A09-8ADB-8380531A6A88}.Release|Any CPU.ActiveCfg = Release|Any CPU
		{4BE546D8-9921-4A09-8ADB-8380531A6A88}.Release|Any CPU.Build.0 = Release|Any CPU
		{4BE546D8-9921-4A09-8ADB-8380531A6A88}.Release|Mixed Platforms.ActiveCfg = Release|Any CPU
		{4BE546D8-9921-4A09-8ADB-8380531A6A88}.Release|Mixed Platforms.Build.0 = Release|Any CPU
		{4BE546D8-9921-4A09-8ADB-8380531A6A88}.Release|x86.ActiveCfg = Release|Any CPU
		{2CC25F89-08A3-45CB-858E-4306BC143068}.Debug|Any CPU.ActiveCfg = Debug|Any CPU
		{2CC25F89-08A3-45CB-858E-4306BC143068}.Debug|Any CPU.Build.0 = Debug|Any CPU
		{2CC25F89-08A3-45CB-858E-4306BC143068}.Debug|Mixed Platforms.ActiveCfg = Debug|Any CPU
		{2CC25F89-08A3-45CB-858E-4306BC143068}.Debug|Mixed Platforms.Build.0 = Debug|Any CPU
		{2CC25F89-08A3-45CB-858E-4306BC143068}.Debug|x86.ActiveCfg = Debug|Any CPU
		{2CC25F89-08A3-45CB-858E-4306BC143068}.Release|Any CPU.ActiveCfg = Release|Any CPU
		{2CC25F89-08A3-45CB-858E-4306BC143068}.Release|Any CPU.Build.0 = Release|Any CPU
		{2CC25F89-08A3-45CB-858E-4306BC143068}.Release|Mixed Platforms.ActiveCfg = Release|Any CPU
		{2CC25F89-08A3-45CB-858E-4306BC143068}.Release|Mixed Platforms.Build.0 = Release|Any CPU
		{2CC25F89-08A3-45CB-858E-4306BC143068}.Release|x86.ActiveCfg = Release|Any CPU
	EndGlobalSection
	GlobalSection(SolutionProperties) = preSolution
		HideSolutionNode = FALSE
	EndGlobalSection
	GlobalSection(NestedProjects) = preSolution
		{6223F555-2663-432D-B1F8-E6A128BA5E25} = {3594CA57-7702-43E2-9EF1-8D16092B9E8C}
		{27AC043D-EB4B-453C-9338-6A5F05C915BE} = {3594CA57-7702-43E2-9EF1-8D16092B9E8C}
		{4BE546D8-9921-4A09-8ADB-8380531A6A88} = {3594CA57-7702-43E2-9EF1-8D16092B9E8C}
		{2CC25F89-08A3-45CB-858E-4306BC143068} = {3594CA57-7702-43E2-9EF1-8D16092B9E8C}
	EndGlobalSection
EndGlobal
